
Microsoft Visual Studio Solution File, Format Version 12.00
# Visual Studio Version 17
VisualStudioVersion = 17.0.32112.339
MinimumVisualStudioVersion = 10.0.40219.1
Project("{FAE04EC0-301F-11D3-BF4B-00C04F79EFBC}") = "Vu_Victoria_HW2", "Vu_Victoria_HW2\Vu_Victoria_HW2.csproj", "{A177CDD3-16CB-4028-AE67-83102B14418E}"
EndProject
Global
	GlobalSection(SolutionConfigurationPlatforms) = preSolution
		Debug|Any CPU = Debug|Any CPU
		Release|Any CPU = Release|Any CPU
	EndGlobalSection
	GlobalSection(ProjectConfigurationPlatforms) = postSolution
		{A177CDD3-16CB-4028-AE67-83102B14418E}.Debug|Any CPU.ActiveCfg = Debug|Any CPU
		{A177CDD3-16CB-4028-AE67-83102B14418E}.Debug|Any CPU.Build.0 = Debug|Any CPU
		{A177CDD3-16CB-4028-AE67-83102B14418E}.Release|Any CPU.ActiveCfg = Release|Any CPU
		{A177CDD3-16CB-4028-AE67-83102B14418E}.Release|Any CPU.Build.0 = Release|Any CPU
	EndGlobalSection
	GlobalSection(SolutionProperties) = preSolution
		HideSolutionNode = FALSE
	EndGlobalSection
	GlobalSection(ExtensibilityGlobals) = postSolution
		SolutionGuid = {6F13BA5A-1F42-4FB9-A50E-C89510D66C42}
	EndGlobalSection
EndGlobal
